{
  "name": "backend",
  "version": "1.0.0",
  "lockfileVersion": 3,
  "requires": true,
  "packages": {
    "": {
      "name": "backend",
      "version": "1.0.0",
      "license": "ISC",
      "dependencies": {
        "itty-router": "^5.0.23"
      }
    },
    "node_modules/itty-router": {
      "version": "5.0.23",
      "resolved": "https://registry.npmjs.org/itty-router/-/itty-router-5.0.23.tgz",
      "integrity": "sha512-i49WU+SNPrwOZA4Z61En1RYd5h2Lcqa+5IvCpMrNi4dxymzJK15ozUUnRrWIUAv95Zamd4eJPAot2UvHRrQg7w==",
      "license": "MIT"
    }
  }
}
